<?xml version="1.0" encoding="utf-8"?>
<Project ToolsVersion="4.0" xmlns="http://schemas.microsoft.com/developer/msbuild/2003">
  <ItemGroup>
    <CudaCompile Include="RNN.cu" />
    <CudaCompile Include="Main.cu" />
    <CudaCompile Include="kernel.cu" />
    <CudaCompile Include="NEAT.cu">
      <Filter>MNIST_reader</Filter>
    </CudaCompile>
    <CudaCompile Include="Prune_evolve.cu" />
    <CudaCompile Include="Chess.cu" />
  </ItemGroup>
  <ItemGroup>
    <ClInclude Include="RNN.cuh" />
    <ClInclude Include="kernel.cuh" />
    <ClInclude Include="..\..\MNIST_reader\include\mnist\mnist_reader_common.hpp">
      <Filter>MNIST_reader</Filter>
    </ClInclude>
    <ClInclude Include="..\..\MNIST_reader\include\mnist\mnist_reader_less.hpp">
      <Filter>MNIST_reader</Filter>
    </ClInclude>
    <ClInclude Include="..\..\MNIST_reader\include\mnist\mnist_utils.hpp">
      <Filter>MNIST_reader</Filter>
    </ClInclude>
    <ClInclude Include="NEAT.cuh" />
    <ClInclude Include="Prune_evolve.cuh" />
    <ClInclude Include="Chess.cuh" />
    <ClInclude Include="sqlite3.h" />
    <ClInclude Include="sqlite3ext.h" />
  </ItemGroup>
  <ItemGroup>
    <Filter Include="MNIST_reader">
      <UniqueIdentifier>{fc143e1a-4343-4b32-b81b-61e33d724a41}</UniqueIdentifier>
    </Filter>
  </ItemGroup>
  <ItemGroup>
    <None Include="..\..\MNIST_reader\include\mnist\t10k-images-idx3-ubyte">
      <Filter>MNIST_reader</Filter>
    </None>
    <None Include="..\..\MNIST_reader\include\mnist\t10k-labels-idx1-ubyte">
      <Filter>MNIST_reader</Filter>
    </None>
    <None Include="..\..\MNIST_reader\include\mnist\train-images-idx3-ubyte">
      <Filter>MNIST_reader</Filter>
    </None>
    <None Include="..\..\MNIST_reader\include\mnist\train-labels-idx1-ubyte">
      <Filter>MNIST_reader</Filter>
    </None>
  </ItemGroup>
  <ItemGroup>
    <Text Include="..\..\..\..\Escritorio\LoopyNN\Caltech py\test_caltech101.txt" />
    <Text Include="..\..\..\..\Escritorio\LoopyNN\Caltech py\test_labels_caltech101.txt" />
    <Text Include="..\..\..\..\Escritorio\LoopyNN\Caltech py\train_caltech101.txt" />
    <Text Include="..\..\..\..\Escritorio\LoopyNN\Caltech py\train_labels_caltech101.txt" />
  </ItemGroup>
  <ItemGroup>
    <ClCompile Include="shell.c" />
    <ClCompile Include="sqlite3.c" />
  </ItemGroup>
</Project>